
Microsoft Visual Studio Solution File, Format Version 12.00
# Visual Studio Version 17
VisualStudioVersion = 17.7.34031.279
MinimumVisualStudioVersion = 10.0.40219.1
Project("{FAE04EC0-301F-11D3-BF4B-00C04F79EFBC}") = "wyzwanie-21", "wyzwanie-21\wyzwanie-21.csproj", "{FE8F3071-AE90-4C45-B7BA-4704A0406574}"
EndProject
Global
	GlobalSection(SolutionConfigurationPlatforms) = preSolution
		Debug|Any CPU = Debug|Any CPU
		Release|Any CPU = Release|Any CPU
	EndGlobalSection
	GlobalSection(ProjectConfigurationPlatforms) = postSolution
		{FE8F3071-AE90-4C45-B7BA-4704A0406574}.Debug|Any CPU.ActiveCfg = Debug|Any CPU
		{FE8F3071-AE90-4C45-B7BA-4704A0406574}.Debug|Any CPU.Build.0 = Debug|Any CPU
		{FE8F3071-AE90-4C45-B7BA-4704A0406574}.Release|Any CPU.ActiveCfg = Release|Any CPU
		{FE8F3071-AE90-4C45-B7BA-4704A0406574}.Release|Any CPU.Build.0 = Release|Any CPU
	EndGlobalSection
	GlobalSection(SolutionProperties) = preSolution
		HideSolutionNode = FALSE
	EndGlobalSection
	GlobalSection(ExtensibilityGlobals) = postSolution
		SolutionGuid = {BE0737DF-15FA-488E-8648-5E3DFE99AF4D}
	EndGlobalSection
EndGlobal
